// !$*UTF8*$!
{
	archiveVersion = 1;
	classes = {
	};
	objectVersion = 46;
	objects = {

/* Begin PBXBuildFile section */
		D16734041C68026C0064292F /* AppDelegate.swift in Sources */ = {isa = PBXBuildFile; fileRef = D16734031C68026C0064292F /* AppDelegate.swift */; };
		D16734061C68026C0064292F /* ViewController.swift in Sources */ = {isa = PBXBuildFile; fileRef = D16734051C68026C0064292F /* ViewController.swift */; };
		D16734091C68026C0064292F /* Main.storyboard in Resources */ = {isa = PBXBuildFile; fileRef = D16734071C68026C0064292F /* Main.storyboard */; };
		D167340B1C68026C0064292F /* Images.xcassets in Resources */ = {isa = PBXBuildFile; fileRef = D167340A1C68026C0064292F /* Images.xcassets */; };
		D167340E1C68026C0064292F /* LaunchScreen.xib in Resources */ = {isa = PBXBuildFile; fileRef = D167340C1C68026C0064292F /* LaunchScreen.xib */; };
		D167341A1C68026C0064292F /* BoomAppTests.swift in Sources */ = {isa = PBXBuildFile; fileRef = D16734191C68026C0064292F /* BoomAppTests.swift */; };
/* End PBXBuildFile section */

/* Begin PBXContainerItemProxy section */
		D16734141C68026C0064292F /* PBXContainerItemProxy */ = {
			isa = PBXContainerItemProxy;
			containerPortal = D16733F61C68026C0064292F /* Project object */;
			proxyType = 1;
			remoteGlobalIDString = D16733FD1C68026C0064292F;
			remoteInfo = BoomApp;
		};
/* End PBXContainerItemProxy section */

/* Begin PBXFileReference section */
		D16733FE1C68026C0064292F /* BoomApp.app */ = {isa = PBXFileReference; explicitFileType = wrapper.application; includeInIndex = 0; path = BoomApp.app; sourceTree = BUILT_PRODUCTS_DIR; };
		D16734021C68026C0064292F /* Info.plist */ = {isa = PBXFileReference; lastKnownFileType = text.plist.xml; path = Info.plist; sourceTree = "<group>"; };
		D16734031C68026C0064292F /* AppDelegate.swift */ = {isa = PBXFileReference; lastKnownFileType = sourcecode.swift; path = AppDelegate.swift; sourceTree = "<group>"; };
		D16734051C68026C0064292F /* ViewController.swift */ = {isa = PBXFileReference; lastKnownFileType = sourcecode.swift; path = ViewController.swift; sourceTree = "<group>"; };
		D16734081C68026C0064292F /* Base */ = {isa = PBXFileReference; lastKnownFileType = file.storyboard; name = Base; path = Base.lproj/Main.storyboard; sourceTree = "<group>"; };
		D167340A1C68026C0064292F /* Images.xcassets */ = {isa = PBXFileReference; lastKnownFileType = folder.assetcatalog; path = Images.xcassets; sourceTree = "<group>"; };
		D167340D1C68026C0064292F /* Base */ = {isa = PBXFileReference; lastKnownFileType = file.xib; name = Base; path = Base.lproj/LaunchScreen.xib; sourceTree = "<group>"; };
		D16734131C68026C0064292F /* BoomAppTests.xctest */ = {isa = PBXFileReference; explicitFileType = wrapper.cfbundle; includeInIndex = 0; path = BoomAppTests.xctest; sourceTree = BUILT_PRODUCTS_DIR; };
		D16734181C68026C0064292F /* Info.plist */ = {isa = PBXFileReference; lastKnownFileType = text.plist.xml; path = Info.plist; sourceTree = "<group>"; };
		D16734191C68026C0064292F /* BoomAppTests.swift */ = {isa = PBXFileReference; lastKnownFileType = sourcecode.swift; path = BoomAppTests.swift; sourceTree = "<group>"; };
/* End PBXFileReference section */

/* Begin PBXFrameworksBuildPhase section */
		D16733FB1C68026C0064292F /* Frameworks */ = {
			isa = PBXFrameworksBuildPhase;
			buildActionMask = 2147483647;
			files = (
			);
			runOnlyForDeploymentPostprocessing = 0;
		};
		D16734101C68026C0064292F /* Frameworks */ = {
			isa = PBXFrameworksBuildPhase;
			buildActionMask = 2147483647;
			files = (
			);
			runOnlyForDeploymentPostprocessing = 0;
		};
/* End PBXFrameworksBuildPhase section */

/* Begin PBXGroup section */
		D16733F51C68026C0064292F = {
			isa = PBXGroup;
			children = (
				D16734001C68026C0064292F /* BoomApp */,
				D16734161C68026C0064292F /* BoomAppTests */,
				D16733FF1C68026C0064292F /* Products */,
			);
			sourceTree = "<group>";
		};
		D16733FF1C68026C0064292F /* Products */ = {
			isa = PBXGroup;
			children = (
				D16733FE1C68026C0064292F /* BoomApp.app */,
				D16734131C68026C0064292F /* BoomAppTests.xctest */,
			);
			name = Products;
			sourceTree = "<group>";
		};
		D16734001C68026C0064292F /* BoomApp */ = {
			isa = PBXGroup;
			children = (
				D16734031C68026C0064292F /* AppDelegate.swift */,
				D16734051C68026C0064292F /* ViewController.swift */,
				D16734071C68026C0064292F /* Main.storyboard */,
				D167340A1C68026C0064292F /* Images.xcassets */,
				D167340C1C68026C0064292F /* LaunchScreen.xib */,
				D16734011C68026C0064292F /* Supporting Files */,
			);
			path = BoomApp;
			sourceTree = "<group>";
		};
		D16734011C68026C0064292F /* Supporting Files */ = {
			isa = PBXGroup;
			children = (
				D16734021C68026C0064292F /* Info.plist */,
			);
			name = "Supporting Files";
			sourceTree = "<group>";
		};
		D16734161C68026C0064292F /* BoomAppTests */ = {
			isa = PBXGroup;
			children = (
				D16734191C68026C0064292F /* BoomAppTests.swift */,
				D16734171C68026C0064292F /* Supporting Files */,
			);
			path = BoomAppTests;
			sourceTree = "<group>";
		};
		D16734171C68026C0064292F /* Supporting Files */ = {
			isa = PBXGroup;
			children = (
				D16734181C68026C0064292F /* Info.plist */,
			);
			name = "Supporting Files";
			sourceTree = "<group>";
		};
/* End PBXGroup section */

/* Begin PBXNativeTarget section */
		D16733FD1C68026C0064292F /* BoomApp */ = {
			isa = PBXNativeTarget;
			buildConfigurationList = D167341D1C68026C0064292F /* Build configuration list for PBXNativeTarget "BoomApp" */;
			buildPhases = (
				D16733FA1C68026C0064292F /* Sources */,
				D16733FB1C68026C0064292F /* Frameworks */,
				D16733FC1C68026C0064292F /* Resources */,
			);
			buildRules = (
			);
			dependencies = (
			);
			name = BoomApp;
			productName = BoomApp;
			productReference = D16733FE1C68026C0064292F /* BoomApp.app */;
			productType = "com.apple.product-type.application";
		};
		D16734121C68026C0064292F /* BoomAppTests */ = {
			isa = PBXNativeTarget;
			buildConfigurationList = D16734201C68026C0064292F /* Build configuration list for PBXNativeTarget "BoomAppTests" */;
			buildPhases = (
				D167340F1C68026C0064292F /* Sources */,
				D16734101C68026C0064292F /* Frameworks */,
				D16734111C68026C0064292F /* Resources */,
			);
			buildRules = (
			);
			dependencies = (
				D16734151C68026C0064292F /* PBXTargetDependency */,
			);
			name = BoomAppTests;
			productName = BoomAppTests;
			productReference = D16734131C68026C0064292F /* BoomAppTests.xctest */;
			productType = "com.apple.product-type.bundle.unit-test";
		};
/* End PBXNativeTarget section */

/* Begin PBXProject section */
		D16733F61C68026C0064292F /* Project object */ = {
			isa = PBXProject;
			attributes = {
				LastUpgradeCheck = 0630;
				ORGANIZATIONNAME = "Serhat Kavi";
				TargetAttributes = {
					D16733FD1C68026C0064292F = {
						CreatedOnToolsVersion = 6.3.1;
					};
					D16734121C68026C0064292F = {
						CreatedOnToolsVersion = 6.3.1;
						TestTargetID = D16733FD1C68026C0064292F;
					};
				};
			};
			buildConfigurationList = D16733F91C68026C0064292F /* Build configuration list for PBXProject "BoomApp" */;
			compatibilityVersion = "Xcode 3.2";
			developmentRegion = English;
			hasScannedForEncodings = 0;
			knownRegions = (
				en,
				Base,
			);
			mainGroup = D16733F51C68026C0064292F;
			productRefGroup = D16733FF1C68026C0064292F /* Products */;
			projectDirPath = "";
			projectRoot = "";
			targets = (
				D16733FD1C68026C0064292F /* BoomApp */,
				D16734121C68026C0064292F /* BoomAppTests */,
			);
		};
/* End PBXProject section */

/* Begin PBXResourcesBuildPhase section */
		D16733FC1C68026C0064292F /* Resources */ = {
			isa = PBXResourcesBuildPhase;
			buildActionMask = 2147483647;
			files = (
				D16734091C68026C0064292F /* Main.storyboard in Resources */,
				D167340E1C68026C0064292F /* LaunchScreen.xib in Resources */,
				D167340B1C68026C0064292F /* Images.xcassets in Resources */,
			);
			runOnlyForDeploymentPostprocessing = 0;
		};
		D16734111C68026C0064292F /* Resources */ = {
			isa = PBXResourcesBuildPhase;
			buildActionMask = 2147483647;
			files = (
			);
			runOnlyForDeploymentPostprocessing = 0;
		};
/* End PBXResourcesBuildPhase section */

/* Begin PBXSourcesBuildPhase section */
		D16733FA1C68026C0064292F /* Sources */ = {
			isa = PBXSourcesBuildPhase;
			buildActionMask = 2147483647;
			files = (
				D16734061C68026C0064292F /* ViewController.swift in Sources */,
				D16734041C68026C0064292F /* AppDelegate.swift in Sources */,
			);
			runOnlyForDeploymentPostprocessing = 0;
		};
		D167340F1C68026C0064292F /* Sources */ = {
			isa = PBXSourcesBuildPhase;
			buildActionMask = 2147483647;
			files = (
				D167341A1C68026C0064292F /* BoomAppTests.swift in Sources */,
			);
			runOnlyForDeploymentPostprocessing = 0;
		};
/* End PBXSourcesBuildPhase section */

/* Begin PBXTargetDependency section */
		D16734151C68026C0064292F /* PBXTargetDependency */ = {
			isa = PBXTargetDependency;
			target = D16733FD1C68026C0064292F /* BoomApp */;
			targetProxy = D16734141C68026C0064292F /* PBXContainerItemProxy */;
		};
/* End PBXTargetDependency section */

/* Begin PBXVariantGroup section */
		D16734071C68026C0064292F /* Main.storyboard */ = {
			isa = PBXVariantGroup;
			children = (
				D16734081C68026C0064292F /* Base */,
			);
			name = Main.storyboard;
			sourceTree = "<group>";
		};
		D167340C1C68026C0064292F /* LaunchScreen.xib */ = {
			isa = PBXVariantGroup;
			children = (
				D167340D1C68026C0064292F /* Base */,
			);
			name = LaunchScreen.xib;
			sourceTree = "<group>";
		};
/* End PBXVariantGroup section */

/* Begin XCBuildConfiguration section */
		D167341B1C68026C0064292F /* Debug */ = {
			isa = XCBuildConfiguration;
			buildSettings = {
				ALWAYS_SEARCH_USER_PATHS = NO;
				CLANG_CXX_LANGUAGE_STANDARD = "gnu++0x";
				CLANG_CXX_LIBRARY = "libc++";
				CLANG_ENABLE_MODULES = YES;
				CLANG_ENABLE_OBJC_ARC = YES;
				CLANG_WARN_BOOL_CONVERSION = YES;
				CLANG_WARN_CONSTANT_CONVERSION = YES;
				CLANG_WARN_DIRECT_OBJC_ISA_USAGE = YES_ERROR;
				CLANG_WARN_EMPTY_BODY = YES;
				CLANG_WARN_ENUM_CONVERSION = YES;
				CLANG_WARN_INT_CONVERSION = YES;
				CLANG_WARN_OBJC_ROOT_CLASS = YES_ERROR;
				CLANG_WARN_UNREACHABLE_CODE = YES;
				CLANG_WARN__DUPLICATE_METHOD_MATCH = YES;
				"CODE_SIGN_IDENTITY[sdk=iphoneos*]" = "iPhone Developer";
				COPY_PHASE_STRIP = NO;
				DEBUG_INFORMATION_FORMAT = "dwarf-with-dsym";
				ENABLE_STRICT_OBJC_MSGSEND = YES;
				GCC_C_LANGUAGE_STANDARD = gnu99;
				GCC_DYNAMIC_NO_PIC = NO;
				GCC_NO_COMMON_BLOCKS = YES;
				GCC_OPTIMIZATION_LEVEL = 0;
				GCC_PREPROCESSOR_DEFINITIONS = (
					"DEBUG=1",
					"$(inherited)",
				);
				GCC_SYMBOLS_PRIVATE_EXTERN = NO;
				GCC_WARN_64_TO_32_BIT_CONVERSION = YES;
				GCC_WARN_ABOUT_RETURN_TYPE = YES_ERROR;
				GCC_WARN_UNDECLARED_SELECTOR = YES;
				GCC_WARN_UNINITIALIZED_AUTOS = YES_AGGRESSIVE;
				GCC_WARN_UNUSED_FUNCTION = YES;
				GCC_WARN_UNUSED_VARIABLE = YES;
				IPHONEOS_DEPLOYMENT_TARGET = 8.3;
				MTL_ENABLE_DEBUG_INFO = YES;
				ONLY_ACTIVE_ARCH = YES;
				SDKROOT = iphoneos;
				SWIFT_OPTIMIZATION_LEVEL = "-Onone";
			};
			name = Debug;
		};
		D167341C1C68026C0064292F /* Release */ = {
			isa = XCBuildConfiguration;
			buildSettings = {
				ALWAYS_SEARCH_USER_PATHS = NO;
				CLANG_CXX_LANGUAGE_STANDARD = "gnu++0x";
				CLANG_CXX_LIBRARY = "libc++";
				CLANG_ENABLE_MODULES = YES;
				CLANG_ENABLE_OBJC_ARC = YES;
				CLANG_WARN_BOOL_CONVERSION = YES;
				CLANG_WARN_CONSTANT_CONVERSION = YES;
				CLANG_WARN_DIRECT_OBJC_ISA_USAGE = YES_ERROR;
				CLANG_WARN_EMPTY_BODY = YES;
				CLANG_WARN_ENUM_CONVERSION = YES;
				CLANG_WARN_INT_CONVERSION = YES;
				CLANG_WARN_OBJC_ROOT_CLASS = YES_ERROR;
				CLANG_WARN_UNREACHABLE_CODE = YES;
				CLANG_WARN__DUPLICATE_METHOD_MATCH = YES;
				"CODE_SIGN_IDENTITY[sdk=iphoneos*]" = "iPhone Developer";
				COPY_PHASE_STRIP = NO;
				DEBUG_INFORMATION_FORMAT = "dwarf-with-dsym";
				ENABLE_NS_ASSERTIONS = NO;
				ENABLE_STRICT_OBJC_MSGSEND = YES;
				GCC_C_LANGUAGE_STANDARD = gnu99;
				GCC_NO_COMMON_BLOCKS = YES;
				GCC_WARN_64_TO_32_BIT_CONVERSION = YES;
				GCC_WARN_ABOUT_RETURN_TYPE = YES_ERROR;
				GCC_WARN_UNDECLARED_SELECTOR = YES;
				GCC_WARN_UNINITIALIZED_AUTOS = YES_AGGRESSIVE;
				GCC_WARN_UNUSED_FUNCTION = YES;
				GCC_WARN_UNUSED_VARIABLE = YES;
				IPHONEOS_DEPLOYMENT_TARGET = 8.3;
				MTL_ENABLE_DEBUG_INFO = NO;
				SDKROOT = iphoneos;
				VALIDATE_PRODUCT = YES;
			};
			name = Release;
		};
		D167341E1C68026C0064292F /* Debug */ = {
			isa = XCBuildConfiguration;
			buildSettings = {
				ASSETCATALOG_COMPILER_APPICON_NAME = AppIcon;
				INFOPLIST_FILE = BoomApp/Info.plist;
				LD_RUNPATH_SEARCH_PATHS = "$(inherited) @executable_path/Frameworks";
				PRODUCT_NAME = "$(TARGET_NAME)";
			};
			name = Debug;
		};
		D167341F1C68026C0064292F /* Release */ = {
			isa = XCBuildConfiguration;
			buildSettings = {
				ASSETCATALOG_COMPILER_APPICON_NAME = AppIcon;
				INFOPLIST_FILE = BoomApp/Info.plist;
				LD_RUNPATH_SEARCH_PATHS = "$(inherited) @executable_path/Frameworks";
				PRODUCT_NAME = "$(TARGET_NAME)";
			};
			name = Release;
		};
		D16734211C68026C0064292F /* Debug */ = {
			isa = XCBuildConfiguration;
			buildSettings = {
				BUNDLE_LOADER = "$(TEST_HOST)";
				FRAMEWORK_SEARCH_PATHS = (
					"$(SDKROOT)/Developer/Library/Frameworks",
					"$(inherited)",
				);
				GCC_PREPROCESSOR_DEFINITIONS = (
					"DEBUG=1",
					"$(inherited)",
				);
				INFOPLIST_FILE = BoomAppTests/Info.plist;
				LD_RUNPATH_SEARCH_PATHS = "$(inherited) @executable_path/Frameworks @loader_path/Frameworks";
				PRODUCT_NAME = "$(TARGET_NAME)";
				TEST_HOST = "$(BUILT_PRODUCTS_DIR)/BoomApp.app/BoomApp";
			};
			name = Debug;
		};
		D16734221C68026C0064292F /* Release */ = {
			isa = XCBuildConfiguration;
			buildSettings = {
				BUNDLE_LOADER = "$(TEST_HOST)";
				FRAMEWORK_SEARCH_PATHS = (
					"$(SDKROOT)/Developer/Library/Frameworks",
					"$(inherited)",
				);
				INFOPLIST_FILE = BoomAppTests/Info.plist;
				LD_RUNPATH_SEARCH_PATHS = "$(inherited) @executable_path/Frameworks @loader_path/Frameworks";
				PRODUCT_NAME = "$(TARGET_NAME)";
				TEST_HOST = "$(BUILT_PRODUCTS_DIR)/BoomApp.app/BoomApp";
			};
			name = Release;
		};
/* End XCBuildConfiguration section */

/* Begin XCConfigurationList section */
		D16733F91C68026C0064292F /* Build configuration list for PBXProject "BoomApp" */ = {
			isa = XCConfigurationList;
			buildConfigurations = (
				D167341B1C68026C0064292F /* Debug */,
				D167341C1C68026C0064292F /* Release */,
			);
			defaultConfigurationIsVisible = 0;
			defaultConfigurationName = Release;
		};
		D167341D1C68026C0064292F /* Build configuration list for PBXNativeTarget "BoomApp" */ = {
			isa = XCConfigurationList;
			buildConfigurations = (
				D167341E1C68026C0064292F /* Debug */,
				D167341F1C68026C0064292F /* Release */,
			);
			defaultConfigurationIsVisible = 0;
		};
		D16734201C68026C0064292F /* Build configuration list for PBXNativeTarget "BoomAppTests" */ = {
			isa = XCConfigurationList;
			buildConfigurations = (
				D16734211C68026C0064292F /* Debug */,
				D16734221C68026C0064292F /* Release */,
			);
			defaultConfigurationIsVisible = 0;
		};
/* End XCConfigurationList section */
	};
	rootObject = D16733F61C68026C0064292F /* Project object */;
}
